{
  "version": 4,
  "terraform_version": "1.15.1",
  "serial": 18,
  "lineage": "b26b4c44-e9f6-874b-f328-5efef6a6062f",
  "outputs": {
    "api_key": {
      "value": "foobar",
      "type": "string",
      "sensitive": true
    },
    "application_name_out": {
      "value": "raffablog",
      "type": "string"
    },
    "environment_name_out": {
      "value": "dev",
      "type": "string"
    },
    "environment_prefix": {
      "value": "raffablog-dev-twm98l",
      "type": "string"
    },
    "suffix": {
      "value": "twm98l",
      "type": "string"
    }
  },
  "resources": [
    {
      "mode": "managed",
      "type": "random_string",
      "name": "suffix",
      "provider": "provider[\"registry.terraform.io/hashicorp/random\"]",
      "instances": [
        {
          "schema_version": 2,
          "attributes": {
            "id": "twm98l",
            "keepers": null,
            "length": 6,
            "lower": true,
            "min_lower": 0,
            "min_numeric": 0,
            "min_special": 0,
            "min_upper": 0,
            "number": true,
            "numeric": true,
            "override_special": null,
            "result": "twm98l",
            "special": false,
            "upper": false
          },
          "sensitive_attributes": [],
          "identity_schema_version": 0
        }
      ]
    }
  ],
  "check_results": null
}
