{
  "version": 4,
  "terraform_version": "1.15.1",
  "serial": 2,
  "lineage": "5546f988-a215-d2f6-b1a6-88de0c7ca4ae",
  "outputs": {
    "api_key": {
      "value": "foobar",
      "type": "string",
      "sensitive": true
    },
    "application_name_out": {
      "value": "raffablog",
      "type": "string"
    },
    "environment_name_out": {
      "value": "dev",
      "type": "string"
    },
    "environment_prefix": {
      "value": "raffablog-dev-u2k4iu",
      "type": "string"
    },
    "kind": {
      "value": "P",
      "type": "string"
    },
    "primary_region": {
      "value": "westus",
      "type": "string"
    },
    "primary_region_instance_count": {
      "value": "4",
      "type": "string"
    },
    "suffix": {
      "value": "u2k4iu",
      "type": "string"
    }
  },
  "resources": [
    {
      "mode": "managed",
      "type": "random_string",
      "name": "suffix",
      "provider": "provider[\"registry.terraform.io/hashicorp/random\"]",
      "instances": [
        {
          "schema_version": 2,
          "attributes": {
            "id": "u2k4iu",
            "keepers": null,
            "length": 6,
            "lower": true,
            "min_lower": 0,
            "min_numeric": 0,
            "min_special": 0,
            "min_upper": 0,
            "number": true,
            "numeric": true,
            "override_special": null,
            "result": "u2k4iu",
            "special": false,
            "upper": false
          },
          "sensitive_attributes": [],
          "identity_schema_version": 0
        }
      ]
    }
  ],
  "check_results": [
    {
      "object_kind": "var",
      "config_addr": "var.instance_count",
      "status": "pass",
      "objects": [
        {
          "object_addr": "var.instance_count",
          "status": "pass"
        }
      ]
    },
    {
      "object_kind": "var",
      "config_addr": "var.application_name",
      "status": "pass",
      "objects": [
        {
          "object_addr": "var.application_name",
          "status": "pass"
        }
      ]
    }
  ]
}
